
Microsoft Visual Studio Solution File, Format Version 12.00
Project("{FAE04EC0-301F-11D3-BF4B-00C04F79EFBC}") = "SeverityChecker", "SeverityChecker\SeverityChecker.csproj", "{F25ADAF6-5B3D-4A12-B42F-3F8C71A076FA}"
EndProject
Project("{FAE04EC0-301F-11D3-BF4B-00C04F79EFBC}") = "SeverityChecker.Core", "SeverityChecker.Core\SeverityChecker.Core.csproj", "{09556A8A-2D42-4675-A9B3-FE03E728CB61}"
EndProject
Project("{FAE04EC0-301F-11D3-BF4B-00C04F79EFBC}") = "SeverityChecker.Infrastructure", "SeverityChecker.Infrastructure\SeverityChecker.Infrastructure.csproj", "{214E5168-03DB-4087-A7C0-36E03A76D0C3}"
EndProject
Project("{FAE04EC0-301F-11D3-BF4B-00C04F79EFBC}") = "SeverityChecker.Tests", "SeverityChecker.Tests\SeverityChecker.Tests.csproj", "{B2BECA10-D4C3-4C4A-B25B-BBC76056202C}"
EndProject
Global
	GlobalSection(SolutionConfigurationPlatforms) = preSolution
		Debug|Any CPU = Debug|Any CPU
		Release|Any CPU = Release|Any CPU
	EndGlobalSection
	GlobalSection(ProjectConfigurationPlatforms) = postSolution
		{F25ADAF6-5B3D-4A12-B42F-3F8C71A076FA}.Debug|Any CPU.ActiveCfg = Debug|Any CPU
		{F25ADAF6-5B3D-4A12-B42F-3F8C71A076FA}.Debug|Any CPU.Build.0 = Debug|Any CPU
		{F25ADAF6-5B3D-4A12-B42F-3F8C71A076FA}.Release|Any CPU.ActiveCfg = Release|Any CPU
		{F25ADAF6-5B3D-4A12-B42F-3F8C71A076FA}.Release|Any CPU.Build.0 = Release|Any CPU
		{09556A8A-2D42-4675-A9B3-FE03E728CB61}.Debug|Any CPU.ActiveCfg = Debug|Any CPU
		{09556A8A-2D42-4675-A9B3-FE03E728CB61}.Debug|Any CPU.Build.0 = Debug|Any CPU
		{09556A8A-2D42-4675-A9B3-FE03E728CB61}.Release|Any CPU.ActiveCfg = Release|Any CPU
		{09556A8A-2D42-4675-A9B3-FE03E728CB61}.Release|Any CPU.Build.0 = Release|Any CPU
		{214E5168-03DB-4087-A7C0-36E03A76D0C3}.Debug|Any CPU.ActiveCfg = Debug|Any CPU
		{214E5168-03DB-4087-A7C0-36E03A76D0C3}.Debug|Any CPU.Build.0 = Debug|Any CPU
		{214E5168-03DB-4087-A7C0-36E03A76D0C3}.Release|Any CPU.ActiveCfg = Release|Any CPU
		{214E5168-03DB-4087-A7C0-36E03A76D0C3}.Release|Any CPU.Build.0 = Release|Any CPU
		{B2BECA10-D4C3-4C4A-B25B-BBC76056202C}.Debug|Any CPU.ActiveCfg = Debug|Any CPU
		{B2BECA10-D4C3-4C4A-B25B-BBC76056202C}.Debug|Any CPU.Build.0 = Debug|Any CPU
		{B2BECA10-D4C3-4C4A-B25B-BBC76056202C}.Release|Any CPU.ActiveCfg = Release|Any CPU
		{B2BECA10-D4C3-4C4A-B25B-BBC76056202C}.Release|Any CPU.Build.0 = Release|Any CPU
	EndGlobalSection
EndGlobal
